Microsoft Visual Studio Solution File, Format Version 12.00
# Visual Studio Version 17
VisualStudioVersion = 17.5.2.0
MinimumVisualStudioVersion = 10.0.40219.1
Project("{2150E333-8FDC-42A3-9474-1A3956D46DE8}") = "src", "src", "{827E0CD3-B72D-47B6-A68D-7590B98EB39B}"
EndProject
Project("{FAE04EC0-301F-11D3-BF4B-00C04F79EFBC}") = "CoachFit.Api", "src\CoachFit.Api\CoachFit.Api.csproj", "{D37B0AA4-CDD9-8845-ABCB-491C76DC3F62}"
EndProject
Global
	GlobalSection(SolutionConfigurationPlatforms) = preSolution
		Debug|Any CPU = Debug|Any CPU
		Release|Any CPU = Release|Any CPU
	EndGlobalSection
	GlobalSection(ProjectConfigurationPlatforms) = postSolution
		{D37B0AA4-CDD9-8845-ABCB-491C76DC3F62}.Debug|Any CPU.ActiveCfg = Debug|Any CPU
		{D37B0AA4-CDD9-8845-ABCB-491C76DC3F62}.Debug|Any CPU.Build.0 = Debug|Any CPU
		{D37B0AA4-CDD9-8845-ABCB-491C76DC3F62}.Release|Any CPU.ActiveCfg = Release|Any CPU
		{D37B0AA4-CDD9-8845-ABCB-491C76DC3F62}.Release|Any CPU.Build.0 = Release|Any CPU
	EndGlobalSection
	GlobalSection(SolutionProperties) = preSolution
		HideSolutionNode = FALSE
	EndGlobalSection
	GlobalSection(NestedProjects) = preSolution
		{D37B0AA4-CDD9-8845-ABCB-491C76DC3F62} = {827E0CD3-B72D-47B6-A68D-7590B98EB39B}
	EndGlobalSection
	GlobalSection(ExtensibilityGlobals) = postSolution
		SolutionGuid = {3DA4F721-1285-4E65-B440-25076F12735D}
	EndGlobalSection
EndGlobal
